
Microsoft Visual Studio Solution File, Format Version 12.00
# Visual Studio Version 17
VisualStudioVersion = 17.4.33403.182
MinimumVisualStudioVersion = 10.0.40219.1
Project("{FAE04EC0-301F-11D3-BF4B-00C04F79EFBC}") = "CSharp TrayShortcut", "CSharp TrayShortcut\CSharp TrayShortcut.csproj", "{4CF9CC29-0F55-40BA-8E1E-07C7953A2A89}"
EndProject
Global
	GlobalSection(SolutionConfigurationPlatforms) = preSolution
		Debug|Any CPU = Debug|Any CPU
		Release|Any CPU = Release|Any CPU
	EndGlobalSection
	GlobalSection(ProjectConfigurationPlatforms) = postSolution
		{4CF9CC29-0F55-40BA-8E1E-07C7953A2A89}.Debug|Any CPU.ActiveCfg = Debug|Any CPU
		{4CF9CC29-0F55-40BA-8E1E-07C7953A2A89}.Debug|Any CPU.Build.0 = Debug|Any CPU
		{4CF9CC29-0F55-40BA-8E1E-07C7953A2A89}.Release|Any CPU.ActiveCfg = Release|Any CPU
		{4CF9CC29-0F55-40BA-8E1E-07C7953A2A89}.Release|Any CPU.Build.0 = Release|Any CPU
	EndGlobalSection
	GlobalSection(SolutionProperties) = preSolution
		HideSolutionNode = FALSE
	EndGlobalSection
	GlobalSection(ExtensibilityGlobals) = postSolution
		SolutionGuid = {8ACA1832-47A3-4E0A-A6AF-05808DF6FC0F}
	EndGlobalSection
EndGlobal
